
Microsoft Visual Studio Solution File, Format Version 12.00
# Visual Studio Version 17
VisualStudioVersion = 17.10.35013.160
MinimumVisualStudioVersion = 10.0.40219.1
Project("{FAE04EC0-301F-11D3-BF4B-00C04F79EFBC}") = "Movies.Data", "Movies.Data\Movies.Data.csproj", "{7A8EC996-569C-4C11-97B8-12210733D2B8}"
EndProject
Project("{FAE04EC0-301F-11D3-BF4B-00C04F79EFBC}") = "Movies.API", "Movies.API\Movies.API.csproj", "{6EE67017-A49E-4270-9E48-A9DFBFC29654}"
EndProject
Project("{FAE04EC0-301F-11D3-BF4B-00C04F79EFBC}") = "Movies.Tests", "Movies.Tests\Movies.Tests.csproj", "{6F6F962F-E63B-4567-AE64-979BDF868D25}"
EndProject
Global
	GlobalSection(SolutionConfigurationPlatforms) = preSolution
		Debug|Any CPU = Debug|Any CPU
		Release|Any CPU = Release|Any CPU
	EndGlobalSection
	GlobalSection(ProjectConfigurationPlatforms) = postSolution
		{7A8EC996-569C-4C11-97B8-12210733D2B8}.Debug|Any CPU.ActiveCfg = Debug|Any CPU
		{7A8EC996-569C-4C11-97B8-12210733D2B8}.Debug|Any CPU.Build.0 = Debug|Any CPU
		{7A8EC996-569C-4C11-97B8-12210733D2B8}.Release|Any CPU.ActiveCfg = Release|Any CPU
		{7A8EC996-569C-4C11-97B8-12210733D2B8}.Release|Any CPU.Build.0 = Release|Any CPU
		{6EE67017-A49E-4270-9E48-A9DFBFC29654}.Debug|Any CPU.ActiveCfg = Debug|Any CPU
		{6EE67017-A49E-4270-9E48-A9DFBFC29654}.Debug|Any CPU.Build.0 = Debug|Any CPU
		{6EE67017-A49E-4270-9E48-A9DFBFC29654}.Release|Any CPU.ActiveCfg = Release|Any CPU
		{6EE67017-A49E-4270-9E48-A9DFBFC29654}.Release|Any CPU.Build.0 = Release|Any CPU
		{6F6F962F-E63B-4567-AE64-979BDF868D25}.Debug|Any CPU.ActiveCfg = Debug|Any CPU
		{6F6F962F-E63B-4567-AE64-979BDF868D25}.Debug|Any CPU.Build.0 = Debug|Any CPU
		{6F6F962F-E63B-4567-AE64-979BDF868D25}.Release|Any CPU.ActiveCfg = Release|Any CPU
		{6F6F962F-E63B-4567-AE64-979BDF868D25}.Release|Any CPU.Build.0 = Release|Any CPU
	EndGlobalSection
	GlobalSection(SolutionProperties) = preSolution
		HideSolutionNode = FALSE
	EndGlobalSection
	GlobalSection(ExtensibilityGlobals) = postSolution
		SolutionGuid = {48F9121A-7054-4296-A639-357D8B650F56}
	EndGlobalSection
EndGlobal
